
Microsoft Visual Studio Solution File, Format Version 12.00
# Visual Studio 2012
Project("{FAE04EC0-301F-11D3-BF4B-00C04F79EFBC}") = "Casino", "Casino\Casino.csproj", "{D1861367-1FB9-423C-89BE-69F632223504}"
EndProject
Global
	GlobalSection(SolutionConfigurationPlatforms) = preSolution
		Debug|Any CPU = Debug|Any CPU
		Release|Any CPU = Release|Any CPU
	EndGlobalSection
	GlobalSection(ProjectConfigurationPlatforms) = postSolution
		{D1861367-1FB9-423C-89BE-69F632223504}.Debug|Any CPU.ActiveCfg = Debug|Any CPU
		{D1861367-1FB9-423C-89BE-69F632223504}.Debug|Any CPU.Build.0 = Debug|Any CPU
		{D1861367-1FB9-423C-89BE-69F632223504}.Release|Any CPU.ActiveCfg = Release|Any CPU
		{D1861367-1FB9-423C-89BE-69F632223504}.Release|Any CPU.Build.0 = Release|Any CPU
	EndGlobalSection
	GlobalSection(SolutionProperties) = preSolution
		HideSolutionNode = FALSE
	EndGlobalSection
EndGlobal
